
Microsoft Visual Studio Solution File, Format Version 11.00
# Visual Studio 2010
# SharpDevelop 5.0
Project("{FAE04EC0-301F-11D3-BF4B-00C04F79EFBC}") = "IsKernel.ServiceClients.Bitbucket", "IsKernel.ServiceClients.Bitbucket\IsKernel.ServiceClients.Bitbucket.csproj", "{05FB9117-C219-40EF-B850-108512A7B217}"
EndProject
Project("{FAE04EC0-301F-11D3-BF4B-00C04F79EFBC}") = "IsKernel.ServieClients.Bitbucket.Tests", "IsKernel.ServieClients.Bitbucket.Tests\IsKernel.ServieClients.Bitbucket.Tests.csproj", "{1DB6F289-BD6C-48E6-82B4-5837255AE780}"
EndProject
Project("{FAE04EC0-301F-11D3-BF4B-00C04F79EFBC}") = "IsKernel.ServiceClients.Bitbucket.ConsoleExample", "IsKernel.ServiceClients.Bitbucket.ConsoleExample\IsKernel.ServiceClients.Bitbucket.ConsoleExample.csproj", "{E353DDF8-947F-4519-9E40-47F5A564D464}"
EndProject
Global
	GlobalSection(SolutionConfigurationPlatforms) = preSolution
		Debug|Any CPU = Debug|Any CPU
		Release|Any CPU = Release|Any CPU
	EndGlobalSection
	GlobalSection(ProjectConfigurationPlatforms) = postSolution
		{05FB9117-C219-40EF-B850-108512A7B217}.Debug|Any CPU.ActiveCfg = Debug|Any CPU
		{05FB9117-C219-40EF-B850-108512A7B217}.Debug|Any CPU.Build.0 = Debug|Any CPU
		{05FB9117-C219-40EF-B850-108512A7B217}.Release|Any CPU.ActiveCfg = Release|Any CPU
		{05FB9117-C219-40EF-B850-108512A7B217}.Release|Any CPU.Build.0 = Release|Any CPU
		{1DB6F289-BD6C-48E6-82B4-5837255AE780}.Debug|Any CPU.ActiveCfg = Debug|Any CPU
		{1DB6F289-BD6C-48E6-82B4-5837255AE780}.Debug|Any CPU.Build.0 = Debug|Any CPU
		{1DB6F289-BD6C-48E6-82B4-5837255AE780}.Release|Any CPU.ActiveCfg = Release|Any CPU
		{1DB6F289-BD6C-48E6-82B4-5837255AE780}.Release|Any CPU.Build.0 = Release|Any CPU
		{E353DDF8-947F-4519-9E40-47F5A564D464}.Debug|Any CPU.ActiveCfg = Debug|Any CPU
		{E353DDF8-947F-4519-9E40-47F5A564D464}.Debug|Any CPU.Build.0 = Debug|Any CPU
		{E353DDF8-947F-4519-9E40-47F5A564D464}.Release|Any CPU.ActiveCfg = Release|Any CPU
		{E353DDF8-947F-4519-9E40-47F5A564D464}.Release|Any CPU.Build.0 = Release|Any CPU
	EndGlobalSection
EndGlobal
